# @generated by Move, please check-in and do not edit manually.

[move]
version = 3
manifest_digest = "86F12F295618611A56FF8A3027F7223BD118F7F563C9721FBE532635B5208970"
deps_digest = "F9B494B64F0615AED0E98FC12A85B85ECD2BC5185C22D30E7F67786BB52E507C"
dependencies = [
  { id = "Bridge", name = "Bridge" },
  { id = "MoveStdlib", name = "MoveStdlib" },
  { id = "Sui", name = "Sui" },
  { id = "SuiSystem", name = "SuiSystem" },
]

[[move.package]]
id = "Bridge"
source = { git = "https://github.com/MystenLabs/sui.git", rev = "fbb68879cbd1", subdir = "crates/sui-framework/packages/bridge" }

dependencies = [
  { id = "MoveStdlib", name = "MoveStdlib" },
  { id = "Sui", name = "Sui" },
  { id = "SuiSystem", name = "SuiSystem" },
]

[[move.package]]
id = "MoveStdlib"
source = { git = "https://github.com/MystenLabs/sui.git", rev = "fbb68879cbd1", subdir = "crates/sui-framework/packages/move-stdlib" }

[[move.package]]
id = "Sui"
source = { git = "https://github.com/MystenLabs/sui.git", rev = "fbb68879cbd1", subdir = "crates/sui-framework/packages/sui-framework" }

dependencies = [
  { id = "MoveStdlib", name = "MoveStdlib" },
]

[[move.package]]
id = "SuiSystem"
source = { git = "https://github.com/MystenLabs/sui.git", rev = "fbb68879cbd1", subdir = "crates/sui-framework/packages/sui-system" }

dependencies = [
  { id = "MoveStdlib", name = "MoveStdlib" },
  { id = "Sui", name = "Sui" },
]

[move.toolchain-version]
compiler-version = "1.48.0"
edition = "2024.beta"
flavor = "sui"

[env]

[env.testnet]
chain-id = "4c78adac"
original-published-id = "0x6083aeb2d22514d0e849fdde75b60c7d0f857facefb3b2d7d2e975b78d8a0c75"
latest-published-id = "0x6083aeb2d22514d0e849fdde75b60c7d0f857facefb3b2d7d2e975b78d8a0c75"
published-version = "1"

[env.mainnet]
chain-id = "35834a8a"
original-published-id = "0x6e38cc853e404376b1dc969178aee2c81799cf23af7171e74e492f6786db1cbe"
latest-published-id = "0x6e38cc853e404376b1dc969178aee2c81799cf23af7171e74e492f6786db1cbe"
published-version = "1"
