# @generated by Move, please check-in and do not edit manually.

[move]
version = 3
manifest_digest = "2F861B9EB7DC61C20028A766A3E7A328D9366EECE87D908255663351FD689B2B"
deps_digest = "397E6A9F7A624706DBDFEE056CE88391A15876868FD18A88504DA74EB458D697"
dependencies = [
  { id = "InterestBPS", name = "InterestBPS" },
  { id = "InterestMath", name = "InterestMath" },
  { id = "MemezACL", name = "MemezACL" },
  { id = "MemezVesting", name = "MemezVesting" },
  { id = "Sui", name = "Sui" },
]

[[move.package]]
id = "InterestBPS"
source = { git = "https://github.com/interest-protocol/bps.git", rev = "main", subdir = "" }

dependencies = [
  { id = "Sui", name = "Sui" },
]

[[move.package]]
id = "InterestMath"
source = { git = "https://github.com/interest-protocol/interest-math.git", rev = "main", subdir = "" }

dependencies = [
  { id = "Sui", name = "Sui" },
]

[[move.package]]
id = "MemezACL"
source = { local = "../acl" }

dependencies = [
  { id = "Sui", name = "Sui" },
]

[[move.package]]
id = "MemezVesting"
source = { local = "../vesting" }

dependencies = [
  { id = "Sui", name = "Sui" },
]

[[move.package]]
id = "MoveStdlib"
source = { git = "https://github.com/MystenLabs/sui.git", rev = "framework/mainnet", subdir = "crates/sui-framework/packages/move-stdlib" }

[[move.package]]
id = "Sui"
source = { git = "https://github.com/MystenLabs/sui.git", rev = "framework/mainnet", subdir = "crates/sui-framework/packages/sui-framework" }

dependencies = [
  { id = "MoveStdlib", name = "MoveStdlib" },
]

[move.toolchain-version]
compiler-version = "1.39.1"
edition = "2024.beta"
flavor = "sui"
