# @generated by Move, please check-in and do not edit manually.

[move]
version = 3
manifest_digest = "05AEF496696EBF39250C6FFB88C3B53B57B5B5A164F04FBC4EF4BFAFE2E321DB"
deps_digest = "04732BFEF428F74DE262001DC455D76B909EBC394B034A9A15CC095E4BDD9CEF"
dependencies = [
  { id = "BluefinSpot", name = "BluefinSpot" },
  { id = "Bridge", name = "Bridge" },
  { id = "IPXCoinStandard", name = "IPXCoinStandard" },
  { id = "InterestBPS", name = "InterestBPS" },
  { id = "MemezFun", name = "MemezFun" },
  { id = "MoveStdlib", name = "MoveStdlib" },
  { id = "Sui", name = "Sui" },
  { id = "SuiSystem", name = "SuiSystem" },
]

[[move.package]]
id = "BluefinSpot"
source = { git = "https://github.com/fireflyprotocol/bluefin-spot-contract-interface.git", rev = "main", subdir = "" }

dependencies = [
  { id = "IntegerLibrary", name = "IntegerLibrary" },
  { id = "IntegerMate", name = "IntegerMate" },
  { id = "Sui", name = "Sui" },
]

[[move.package]]
id = "Bridge"
source = { git = "https://github.com/MystenLabs/sui.git", rev = "79918a3f1357", subdir = "crates/sui-framework/packages/bridge" }

dependencies = [
  { id = "MoveStdlib", name = "MoveStdlib" },
  { id = "Sui", name = "Sui" },
  { id = "SuiSystem", name = "SuiSystem" },
]

[[move.package]]
id = "DeepBook"
source = { git = "https://github.com/MystenLabs/sui.git", rev = "9c04e1840eb5", subdir = "crates/sui-framework/packages/deepbook" }

dependencies = [
  { id = "MoveStdlib", name = "MoveStdlib" },
  { id = "Sui", name = "Sui" },
]

[[move.package]]
id = "IPXCoinStandard"
source = { git = "https://github.com/interest-protocol/interest-mvr", rev = "1e11fda423abc6a291135d37ff9a0eb65d6509f8", subdir = "ipx-coin-standard" }

dependencies = [
  { id = "Bridge", name = "Bridge" },
  { id = "MoveStdlib", name = "MoveStdlib" },
  { id = "Sui", name = "Sui" },
  { id = "SuiSystem", name = "SuiSystem" },
]

[[move.package]]
id = "IntegerLibrary"
source = { git = "https://github.com/fireflyprotocol/integer-library.git", rev = "v1.0.1", subdir = "" }

dependencies = [
  { id = "Sui", name = "Sui" },
]

[[move.package]]
id = "IntegerMate"
source = { git = "https://github.com/CetusProtocol/integer-mate.git", rev = "sui-v1.1.2", subdir = "sui" }

dependencies = [
  { id = "Sui", name = "Sui" },
]

[[move.package]]
id = "InterestAccessControl"
source = { git = "https://github.com/interest-protocol/interest-mvr", rev = "91e2f4f83626c1cb924bac246932574501c21bf8", subdir = "access-control/contracts" }

dependencies = [
  { id = "Bridge", name = "Bridge" },
  { id = "DeepBook", name = "DeepBook" },
  { id = "MoveStdlib", name = "MoveStdlib" },
  { id = "Sui", name = "Sui" },
  { id = "SuiSystem", name = "SuiSystem" },
]

[[move.package]]
id = "InterestBPS"
source = { git = "https://github.com/interest-protocol/interest-mvr", rev = "deploy/bps", subdir = "bps" }

dependencies = [
  { id = "Bridge", name = "Bridge" },
  { id = "DeepBook", name = "DeepBook" },
  { id = "MoveStdlib", name = "MoveStdlib" },
  { id = "Sui", name = "Sui" },
  { id = "SuiSystem", name = "SuiSystem" },
]

[[move.package]]
id = "InterestConstantProduct"
source = { git = "https://github.com/interest-protocol/interest-mvr", rev = "a2ed0e88d7b993a014c73061d7b369cc45c45624", subdir = "constant-product" }

dependencies = [
  { id = "Bridge", name = "Bridge" },
  { id = "MoveStdlib", name = "MoveStdlib" },
  { id = "Sui", name = "Sui" },
  { id = "SuiSystem", name = "SuiSystem" },
]

[[move.package]]
id = "InterestMath"
source = { git = "https://github.com/interest-protocol/interest-mvr", rev = "d84dec3174acda3e34f0d672930041828d7eba42", subdir = "math" }

dependencies = [
  { id = "Bridge", name = "Bridge" },
  { id = "DeepBook", name = "DeepBook" },
  { id = "MoveStdlib", name = "MoveStdlib" },
  { id = "Sui", name = "Sui" },
  { id = "SuiSystem", name = "SuiSystem" },
]

[[move.package]]
id = "Memez"
source = { local = "../../memez" }

dependencies = [
  { id = "Bridge", name = "Bridge" },
  { id = "InterestAccessControl", name = "InterestAccessControl" },
  { id = "MoveStdlib", name = "MoveStdlib" },
  { id = "Sui", name = "Sui" },
  { id = "SuiSystem", name = "SuiSystem" },
]

[[move.package]]
id = "MemezFun"
source = { local = "../../fun" }

dependencies = [
  { id = "Bridge", name = "Bridge" },
  { id = "IPXCoinStandard", name = "IPXCoinStandard" },
  { id = "InterestAccessControl", name = "InterestAccessControl" },
  { id = "InterestBPS", name = "InterestBPS" },
  { id = "InterestConstantProduct", name = "InterestConstantProduct" },
  { id = "InterestMath", name = "InterestMath" },
  { id = "Memez", name = "Memez" },
  { id = "MemezVesting", name = "MemezVesting" },
  { id = "MoveStdlib", name = "MoveStdlib" },
  { id = "Sui", name = "Sui" },
  { id = "SuiSystem", name = "SuiSystem" },
]

[[move.package]]
id = "MemezVesting"
source = { local = "../../vesting" }

dependencies = [
  { id = "Bridge", name = "Bridge" },
  { id = "MoveStdlib", name = "MoveStdlib" },
  { id = "Sui", name = "Sui" },
  { id = "SuiSystem", name = "SuiSystem" },
]

[[move.package]]
id = "MoveStdlib"
source = { git = "https://github.com/MystenLabs/sui.git", rev = "79918a3f1357", subdir = "crates/sui-framework/packages/move-stdlib" }

[[move.package]]
id = "Sui"
source = { git = "https://github.com/MystenLabs/sui.git", rev = "79918a3f1357", subdir = "crates/sui-framework/packages/sui-framework" }

dependencies = [
  { id = "MoveStdlib", name = "MoveStdlib" },
]

[[move.package]]
id = "SuiSystem"
source = { git = "https://github.com/MystenLabs/sui.git", rev = "79918a3f1357", subdir = "crates/sui-framework/packages/sui-system" }

dependencies = [
  { id = "MoveStdlib", name = "MoveStdlib" },
  { id = "Sui", name = "Sui" },
]

[move.toolchain-version]
compiler-version = "1.53.2"
edition = "2024.beta"
flavor = "sui"

[env]

[env.mainnet]
chain-id = "35834a8a"
original-published-id = "0x0000000000000000000000000000000000000000000000000000000000000000"
latest-published-id = "0x1f35501b76b5401938e7f623aa639811eddca5c54e2ccac358e4edba99d95683"
published-version = "18"
