# @generated by Move, please check-in and do not edit manually.

[move]
version = 3
manifest_digest = "1B746231D72E7E80B909066A7E43FFB7E549D007274D72182C66A23030F3B111"
deps_digest = "CAFAD8A7CF51067FB4358215BECB86BD100DD64E57C2AC8A7AE7D74B688F5965"
dependencies = [
  { id = "Bridge", name = "Bridge" },
  { id = "IPXCoinStandard", name = "IPXCoinStandard" },
  { id = "MemezFun", name = "MemezFun" },
  { id = "MoveStdlib", name = "MoveStdlib" },
  { id = "Sui", name = "Sui" },
  { id = "SuiSystem", name = "SuiSystem" },
  { id = "memez_wallet", name = "memez_wallet" },
]

[[move.package]]
id = "Bridge"
source = { git = "https://github.com/MystenLabs/sui.git", rev = "664b05b3b047c5bb03979d093660176176ea6175", subdir = "crates/sui-framework/packages/bridge" }

dependencies = [
  { id = "MoveStdlib", name = "MoveStdlib" },
  { id = "Sui", name = "Sui" },
  { id = "SuiSystem", name = "SuiSystem" },
]

[[move.package]]
id = "DeepBook"
source = { git = "https://github.com/MystenLabs/sui.git", rev = "9c04e1840eb5", subdir = "crates/sui-framework/packages/deepbook" }

dependencies = [
  { id = "MoveStdlib", name = "MoveStdlib" },
  { id = "Sui", name = "Sui" },
]

[[move.package]]
id = "IPXCoinStandard"
source = { git = "https://github.com/interest-protocol/interest-mvr", rev = "1e11fda423abc6a291135d37ff9a0eb65d6509f8", subdir = "ipx-coin-standard" }

dependencies = [
  { id = "Bridge", name = "Bridge" },
  { id = "MoveStdlib", name = "MoveStdlib" },
  { id = "Sui", name = "Sui" },
  { id = "SuiSystem", name = "SuiSystem" },
]

[[move.package]]
id = "InterestAccessControl"
source = { git = "https://github.com/interest-protocol/interest-mvr", rev = "91e2f4f83626c1cb924bac246932574501c21bf8", subdir = "access-control/contracts" }

dependencies = [
  { id = "Bridge", name = "Bridge" },
  { id = "DeepBook", name = "DeepBook" },
  { id = "MoveStdlib", name = "MoveStdlib" },
  { id = "Sui", name = "Sui" },
  { id = "SuiSystem", name = "SuiSystem" },
]

[[move.package]]
id = "InterestBPS"
source = { git = "https://github.com/interest-protocol/interest-mvr", rev = "deploy/bps", subdir = "bps" }

dependencies = [
  { id = "Bridge", name = "Bridge" },
  { id = "DeepBook", name = "DeepBook" },
  { id = "MoveStdlib", name = "MoveStdlib" },
  { id = "Sui", name = "Sui" },
  { id = "SuiSystem", name = "SuiSystem" },
]

[[move.package]]
id = "InterestConstantProduct"
source = { git = "https://github.com/interest-protocol/interest-mvr", rev = "a2ed0e88d7b993a014c73061d7b369cc45c45624", subdir = "constant-product" }

dependencies = [
  { id = "Bridge", name = "Bridge" },
  { id = "MoveStdlib", name = "MoveStdlib" },
  { id = "Sui", name = "Sui" },
  { id = "SuiSystem", name = "SuiSystem" },
]

[[move.package]]
id = "InterestMath"
source = { git = "https://github.com/interest-protocol/interest-mvr", rev = "d84dec3174acda3e34f0d672930041828d7eba42", subdir = "math" }

dependencies = [
  { id = "Bridge", name = "Bridge" },
  { id = "DeepBook", name = "DeepBook" },
  { id = "MoveStdlib", name = "MoveStdlib" },
  { id = "Sui", name = "Sui" },
  { id = "SuiSystem", name = "SuiSystem" },
]

[[move.package]]
id = "Memez"
source = { local = "../../memez" }

dependencies = [
  { id = "Bridge", name = "Bridge" },
  { id = "InterestAccessControl", name = "InterestAccessControl" },
  { id = "MoveStdlib", name = "MoveStdlib" },
  { id = "Sui", name = "Sui" },
  { id = "SuiSystem", name = "SuiSystem" },
]

[[move.package]]
id = "MemezFun"
source = { local = "../../fun" }

dependencies = [
  { id = "Bridge", name = "Bridge" },
  { id = "IPXCoinStandard", name = "IPXCoinStandard" },
  { id = "InterestAccessControl", name = "InterestAccessControl" },
  { id = "InterestBPS", name = "InterestBPS" },
  { id = "InterestConstantProduct", name = "InterestConstantProduct" },
  { id = "InterestMath", name = "InterestMath" },
  { id = "Memez", name = "Memez" },
  { id = "MemezVesting", name = "MemezVesting" },
  { id = "MoveStdlib", name = "MoveStdlib" },
  { id = "Sui", name = "Sui" },
  { id = "SuiSystem", name = "SuiSystem" },
]

[[move.package]]
id = "MemezVesting"
source = { local = "../../vesting" }

dependencies = [
  { id = "Bridge", name = "Bridge" },
  { id = "MoveStdlib", name = "MoveStdlib" },
  { id = "Sui", name = "Sui" },
  { id = "SuiSystem", name = "SuiSystem" },
]

[[move.package]]
id = "MoveStdlib"
source = { git = "https://github.com/MystenLabs/sui.git", rev = "664b05b3b047c5bb03979d093660176176ea6175", subdir = "crates/sui-framework/packages/move-stdlib" }

[[move.package]]
id = "Sui"
source = { git = "https://github.com/MystenLabs/sui.git", rev = "664b05b3b047c5bb03979d093660176176ea6175", subdir = "crates/sui-framework/packages/sui-framework" }

dependencies = [
  { id = "MoveStdlib", name = "MoveStdlib" },
]

[[move.package]]
id = "SuiSystem"
source = { git = "https://github.com/MystenLabs/sui.git", rev = "664b05b3b047c5bb03979d093660176176ea6175", subdir = "crates/sui-framework/packages/sui-system" }

dependencies = [
  { id = "MoveStdlib", name = "MoveStdlib" },
  { id = "Sui", name = "Sui" },
]

[[move.package]]
id = "memez_wallet"
source = { local = "../wallet" }

dependencies = [
  { id = "Bridge", name = "Bridge" },
  { id = "MoveStdlib", name = "MoveStdlib" },
  { id = "Sui", name = "Sui" },
  { id = "SuiSystem", name = "SuiSystem" },
]

[move.toolchain-version]
compiler-version = "1.56.2"
edition = "2024.beta"
flavor = "sui"

[env]

[env.mainnet]
chain-id = "35834a8a"
original-published-id = "0x07cb654d8ae22bd18fff08f322d99fdf9d1673712812329b127430b155dc44ff"
latest-published-id = "0x07cb654d8ae22bd18fff08f322d99fdf9d1673712812329b127430b155dc44ff"
published-version = "1"
