# @generated by Move, please check-in and do not edit manually.

[move]
version = 3
manifest_digest = "C50B492CA26117A3FD141020B77EB9A97C3ACB852D3D9034CEEAEF724CD7A17D"
deps_digest = "D7FB1F2E1A893B9A0E80A392473710373DE5791D3AC8F6D898803754B2ADAE6B"
dependencies = [
  { id = "Bridge", name = "Bridge" },
  { id = "ConstantProduct", name = "ConstantProduct" },
  { id = "DeepBook", name = "DeepBook" },
  { id = "IPXCoinStandard", name = "IPXCoinStandard" },
  { id = "InterestBPS", name = "InterestBPS" },
  { id = "InterestMath", name = "InterestMath" },
  { id = "MemezACL", name = "MemezACL" },
  { id = "MemezVesting", name = "MemezVesting" },
  { id = "MoveStdlib", name = "MoveStdlib" },
  { id = "Sui", name = "Sui" },
  { id = "SuiSystem", name = "SuiSystem" },
]

[[move.package]]
id = "Bridge"
source = { git = "https://github.com/MystenLabs/sui.git", rev = "9c04e1840eb5", subdir = "crates/sui-framework/packages/bridge" }

dependencies = [
  { id = "MoveStdlib", name = "MoveStdlib" },
  { id = "Sui", name = "Sui" },
  { id = "SuiSystem", name = "SuiSystem" },
]

[[move.package]]
id = "ConstantProduct"
source = { local = "../dependencies/constant-product" }

dependencies = [
  { id = "Bridge", name = "Bridge" },
  { id = "DeepBook", name = "DeepBook" },
  { id = "MoveStdlib", name = "MoveStdlib" },
  { id = "Sui", name = "Sui" },
  { id = "SuiSystem", name = "SuiSystem" },
]

[[move.package]]
id = "DeepBook"
source = { git = "https://github.com/MystenLabs/sui.git", rev = "9c04e1840eb5", subdir = "crates/sui-framework/packages/deepbook" }

dependencies = [
  { id = "MoveStdlib", name = "MoveStdlib" },
  { id = "Sui", name = "Sui" },
]

[[move.package]]
id = "IPXCoinStandard"
source = { local = "../dependencies/ipx-coin-standard" }

dependencies = [
  { id = "Bridge", name = "Bridge" },
  { id = "DeepBook", name = "DeepBook" },
  { id = "MoveStdlib", name = "MoveStdlib" },
  { id = "Sui", name = "Sui" },
  { id = "SuiSystem", name = "SuiSystem" },
]

[[move.package]]
id = "InterestBPS"
source = { local = "../dependencies/bps" }

dependencies = [
  { id = "Bridge", name = "Bridge" },
  { id = "DeepBook", name = "DeepBook" },
  { id = "MoveStdlib", name = "MoveStdlib" },
  { id = "Sui", name = "Sui" },
  { id = "SuiSystem", name = "SuiSystem" },
]

[[move.package]]
id = "InterestMath"
source = { local = "../dependencies/interest-math" }

dependencies = [
  { id = "Bridge", name = "Bridge" },
  { id = "DeepBook", name = "DeepBook" },
  { id = "MoveStdlib", name = "MoveStdlib" },
  { id = "Sui", name = "Sui" },
  { id = "SuiSystem", name = "SuiSystem" },
]

[[move.package]]
id = "MemezACL"
source = { local = "../acl" }

dependencies = [
  { id = "Sui", name = "Sui" },
]

[[move.package]]
id = "MemezVesting"
source = { local = "../vesting" }

dependencies = [
  { id = "Sui", name = "Sui" },
]

[[move.package]]
id = "MoveStdlib"
source = { git = "https://github.com/MystenLabs/sui.git", rev = "9c04e1840eb5", subdir = "crates/sui-framework/packages/move-stdlib" }

[[move.package]]
id = "Sui"
source = { git = "https://github.com/MystenLabs/sui.git", rev = "9c04e1840eb5", subdir = "crates/sui-framework/packages/sui-framework" }

dependencies = [
  { id = "MoveStdlib", name = "MoveStdlib" },
]

[[move.package]]
id = "SuiSystem"
source = { git = "https://github.com/MystenLabs/sui.git", rev = "9c04e1840eb5", subdir = "crates/sui-framework/packages/sui-system" }

dependencies = [
  { id = "MoveStdlib", name = "MoveStdlib" },
  { id = "Sui", name = "Sui" },
]

[move.toolchain-version]
compiler-version = "1.45.2"
edition = "2024.beta"
flavor = "sui"

[env]

[env.testnet]
chain-id = "4c78adac"
original-published-id = "0x0d2de7abb5af102967b8bdd0d550fd571da19e563ece6806ebd25692b21b2f8a"
latest-published-id = "0x0d2de7abb5af102967b8bdd0d550fd571da19e563ece6806ebd25692b21b2f8a"
published-version = "1"

