# @generated by Move, please check-in and do not edit manually.

[move]
version = 3
manifest_digest = "AEAB936B9480340FECA8B51918384C9A8081FAFB819C955EA4E841872C54FF40"
deps_digest = "F8BBB0CCB2491CA29A3DF03D6F92277A4F3574266507ACD77214D37ECA3F3082"
dependencies = [
  { id = "Sui", name = "Sui" },
]

[[move.package]]
id = "MoveStdlib"
source = { git = "https://github.com/MystenLabs/sui.git", rev = "framework/mainnet", subdir = "crates/sui-framework/packages/move-stdlib" }

[[move.package]]
id = "Sui"
source = { git = "https://github.com/MystenLabs/sui.git", rev = "framework/mainnet", subdir = "crates/sui-framework/packages/sui-framework" }

dependencies = [
  { id = "MoveStdlib", name = "MoveStdlib" },
]

[move.toolchain-version]
compiler-version = "1.53.2"
edition = "2024.beta"
flavor = "sui"

[env]

[env.mainnet]
chain-id = "35834a8a"
original-published-id = "0x3640b24e95e6f97f46df50faf41c7cfe00225f74f1d797c83b72eb87876ccf87"
latest-published-id = "0x3640b24e95e6f97f46df50faf41c7cfe00225f74f1d797c83b72eb87876ccf87"
published-version = "1"
