# @generated by Move, please check-in and do not edit manually.

[move]
version = 3
manifest_digest = "AEAB936B9480340FECA8B51918384C9A8081FAFB819C955EA4E841872C54FF40"
deps_digest = "F8BBB0CCB2491CA29A3DF03D6F92277A4F3574266507ACD77214D37ECA3F3082"
dependencies = [
  { id = "Sui", name = "Sui" },
]

[[move.package]]
id = "MoveStdlib"
source = { git = "https://github.com/MystenLabs/sui.git", rev = "framework/mainnet", subdir = "crates/sui-framework/packages/move-stdlib" }

[[move.package]]
id = "Sui"
source = { git = "https://github.com/MystenLabs/sui.git", rev = "framework/mainnet", subdir = "crates/sui-framework/packages/sui-framework" }

dependencies = [
  { id = "MoveStdlib", name = "MoveStdlib" },
]

[move.toolchain-version]
compiler-version = "1.52.3"
edition = "2024.beta"
flavor = "sui"

[env]

[env.testnet]
chain-id = "4c78adac"
original-published-id = "0x46886a9709e978364335e97e7c6c05a7f2bb7298cab1d2a15457706f4864804a"
latest-published-id = "0x46886a9709e978364335e97e7c6c05a7f2bb7298cab1d2a15457706f4864804a"
published-version = "1"

[env.mainnet]
chain-id = "35834a8a"
original-published-id = "0xd0b9ec9fad2da17c31573bf2fedf478c5f64b44650ae726189d4be71b4cb94cb"
latest-published-id = "0xd0b9ec9fad2da17c31573bf2fedf478c5f64b44650ae726189d4be71b4cb94cb"
published-version = "1"
